
Microsoft Visual Studio Solution File, Format Version 12.00
# Visual Studio Version 17
VisualStudioVersion = 17.9.34728.123
MinimumVisualStudioVersion = 10.0.40219.1
Project("{9A19103F-16F7-4668-BE54-9A1E7A4F7556}") = "Fiap.Api.Donation3", "Fiap.Api.Donation3\Fiap.Api.Donation3.csproj", "{132753AC-EDB6-495B-A5D3-F6EBE6ED7480}"
EndProject
Project("{FAE04EC0-301F-11D3-BF4B-00C04F79EFBC}") = "Fiap.Api.Donation3Test", "Fiap.Api.Donation3Test\Fiap.Api.Donation3Test.csproj", "{A8D162F5-BC68-442F-A092-17C1958EF114}"
EndProject
Global
	GlobalSection(SolutionConfigurationPlatforms) = preSolution
		Debug|Any CPU = Debug|Any CPU
		Release|Any CPU = Release|Any CPU
	EndGlobalSection
	GlobalSection(ProjectConfigurationPlatforms) = postSolution
		{132753AC-EDB6-495B-A5D3-F6EBE6ED7480}.Debug|Any CPU.ActiveCfg = Debug|Any CPU
		{132753AC-EDB6-495B-A5D3-F6EBE6ED7480}.Debug|Any CPU.Build.0 = Debug|Any CPU
		{132753AC-EDB6-495B-A5D3-F6EBE6ED7480}.Release|Any CPU.ActiveCfg = Release|Any CPU
		{132753AC-EDB6-495B-A5D3-F6EBE6ED7480}.Release|Any CPU.Build.0 = Release|Any CPU
		{A8D162F5-BC68-442F-A092-17C1958EF114}.Debug|Any CPU.ActiveCfg = Debug|Any CPU
		{A8D162F5-BC68-442F-A092-17C1958EF114}.Debug|Any CPU.Build.0 = Debug|Any CPU
		{A8D162F5-BC68-442F-A092-17C1958EF114}.Release|Any CPU.ActiveCfg = Release|Any CPU
		{A8D162F5-BC68-442F-A092-17C1958EF114}.Release|Any CPU.Build.0 = Release|Any CPU
	EndGlobalSection
	GlobalSection(SolutionProperties) = preSolution
		HideSolutionNode = FALSE
	EndGlobalSection
	GlobalSection(ExtensibilityGlobals) = postSolution
		SolutionGuid = {FD13A74A-2EC5-499D-A351-604D0B92FBAE}
	EndGlobalSection
EndGlobal
